
Microsoft Visual Studio Solution File, Format Version 12.00
# Visual Studio Version 17
VisualStudioVersion = 17.11.35327.3
MinimumVisualStudioVersion = 10.0.40219.1
Project("{2150E333-8FDC-42A3-9474-1A3956D46DE8}") = "Unbiased.Services", "Unbiased.Services", "{A5597CF8-04A8-4E99-B414-0063C43291BC}"
EndProject
Project("{2150E333-8FDC-42A3-9474-1A3956D46DE8}") = "Unbiased.Shared", "Unbiased.Shared", "{A3E92A30-6E2F-4A9B-865B-1C380D3BE085}"
EndProject
Project("{2150E333-8FDC-42A3-9474-1A3956D46DE8}") = "Unbiased.News.Api", "Unbiased.News.Api", "{07CB2466-88C5-4582-8A2B-2484C69FACE5}"
EndProject
Project("{2150E333-8FDC-42A3-9474-1A3956D46DE8}") = "Unbiased.Playwright.Api", "Unbiased.Playwright.Api", "{9C9913CA-5DDC-4ECA-9CF4-8748E092D87D}"
EndProject
Project("{9A19103F-16F7-4668-BE54-9A1E7A4F7556}") = "Unbiased.News.Api", "Unbiased.News.Api\Unbiased.News.Api.csproj", "{C9B732A3-489F-4179-8C1F-7095AC2CD216}"
EndProject
Project("{9A19103F-16F7-4668-BE54-9A1E7A4F7556}") = "Unbiased.News.Application", "Unbiased.News.Application\Unbiased.News.Application.csproj", "{DC94B169-F3B1-413E-965C-5C8EFAEBDB33}"
EndProject
Project("{9A19103F-16F7-4668-BE54-9A1E7A4F7556}") = "Unbiased.News.Common", "Unbiased.News.Common\Unbiased.News.Common.csproj", "{29C38317-DF9D-481F-8D1D-DF2AEA508EAE}"
EndProject
Project("{9A19103F-16F7-4668-BE54-9A1E7A4F7556}") = "Unbiased.News.Domain", "Unbiased.News.Domain\Unbiased.News.Domain.csproj", "{E64B3F6E-2931-4C66-900E-6488252FCD56}"
EndProject
Project("{9A19103F-16F7-4668-BE54-9A1E7A4F7556}") = "Unbiased.News.Infrastructure", "Unbiased.News.Infrastructure\Unbiased.News.Infrastructure.csproj", "{8374EAD4-6BE5-41E4-9441-5BC8A0A14F31}"
EndProject
Project("{9A19103F-16F7-4668-BE54-9A1E7A4F7556}") = "Unbiased.Playwright.Infrastructure", "Unbiased.Playwright.Infrastructure\Unbiased.Playwright.Infrastructure.csproj", "{899FA18C-68F4-491A-8FF3-82FD9F4135FF}"
EndProject
Project("{9A19103F-16F7-4668-BE54-9A1E7A4F7556}") = "Unbiased.Playwright.Domain", "Unbiased.Playwright.Domain\Unbiased.Playwright.Domain.csproj", "{E72459AE-8ED0-4206-ADBD-98B89C967185}"
EndProject
Project("{9A19103F-16F7-4668-BE54-9A1E7A4F7556}") = "Unbiased.Playwright.Common", "Unbiased.Playwright.Common\Unbiased.Playwright.Common.csproj", "{010022F4-BC20-4669-8C79-4418478EFA20}"
EndProject
Project("{9A19103F-16F7-4668-BE54-9A1E7A4F7556}") = "Unbiased.Playwright.Application", "Unbiased.Playwright.Application\Unbiased.Playwright.Application.csproj", "{E1077CCD-44A2-4752-916A-0A537939F5DF}"
EndProject
Project("{9A19103F-16F7-4668-BE54-9A1E7A4F7556}") = "Unbiased.Playwright.Api", "Unbiased.Playwright.Api\Unbiased.Playwright.Api.csproj", "{EA29E8B6-1732-42F3-B335-4D124914719C}"
EndProject
Project("{FAE04EC0-301F-11D3-BF4B-00C04F79EFBC}") = "Unbiased.Shared.Dtos", "Unbiased.Shared.Dtos\Unbiased.Shared.Dtos.csproj", "{FBF00E32-77A8-45F3-8441-63D925FB5FB1}"
EndProject
Project("{2150E333-8FDC-42A3-9474-1A3956D46DE8}") = "Unbiased.Log.Api", "Unbiased.Log.Api", "{AA888D93-6797-4562-876B-922BE6285BC8}"
EndProject
Project("{FAE04EC0-301F-11D3-BF4B-00C04F79EFBC}") = "Unbiased.Log.Infrastructure", "Unbiased.Log.Infrastructure\Unbiased.Log.Infrastructure.csproj", "{2991DC59-9B04-473A-BE23-3644DCAEC048}"
EndProject
Project("{FAE04EC0-301F-11D3-BF4B-00C04F79EFBC}") = "Unbiased.Log.Common", "Unbiased.Log.Common\Unbiased.Log.Common.csproj", "{ABE05C52-DD09-415B-8EB4-B43685243B74}"
EndProject
Project("{FAE04EC0-301F-11D3-BF4B-00C04F79EFBC}") = "Unbiased.Log.Domain", "Unbiased.Log.Domain\Unbiased.Log.Domain.csproj", "{6CE56AD9-5D60-431E-97EE-BCD67E964128}"
EndProject
Project("{FAE04EC0-301F-11D3-BF4B-00C04F79EFBC}") = "Unbiased.Log.Application", "Unbiased.Log.Application\Unbiased.Log.Application.csproj", "{4E18EB99-3CD3-4C02-AE9D-253CA4016997}"
EndProject
Project("{FAE04EC0-301F-11D3-BF4B-00C04F79EFBC}") = "Unbiased.Log.Api", "Unbiased.Log.Api\Unbiased.Log.Api.csproj", "{5A58902F-5E21-455D-9798-4518A9AA7988}"
EndProject
Project("{2150E333-8FDC-42A3-9474-1A3956D46DE8}") = "ApiGateway", "ApiGateway", "{E3EE82BF-D160-4CE5-BC01-D4A4FFFAA0B2}"
EndProject
Project("{FAE04EC0-301F-11D3-BF4B-00C04F79EFBC}") = "Unbiased.ApiGateway.Application", "Unbiased.ApiGateway.Application\Unbiased.ApiGateway.Application.csproj", "{7DF2C1A0-EE48-4373-83B4-2349E588579B}"
EndProject
Project("{FAE04EC0-301F-11D3-BF4B-00C04F79EFBC}") = "Unbiased.ApiGateway.Common", "Unbiased.ApiGateway.Common\Unbiased.ApiGateway.Common.csproj", "{240F138C-DF34-4181-ADF8-71890C2F3E7A}"
EndProject
Project("{FAE04EC0-301F-11D3-BF4B-00C04F79EFBC}") = "Unbiased.ApiGateway.Domain", "Unbiased.ApiGateway.Domain\Unbiased.ApiGateway.Domain.csproj", "{E5FF2DF8-2A03-48FD-A596-8430EB2CBDB4}"
EndProject
Project("{FAE04EC0-301F-11D3-BF4B-00C04F79EFBC}") = "Unbiased.ApiGateway.Infrastructure", "Unbiased.ApiGateway.Infrastructure\Unbiased.ApiGateway.Infrastructure.csproj", "{22B8C3F7-D0F7-42E8-973A-480C7A8F2A11}"
EndProject
Project("{2150E333-8FDC-42A3-9474-1A3956D46DE8}") = "Unbiased.Dashboard.Api", "Unbiased.Dashboard.Api", "{AA6C9ECC-6E17-4B7E-84CD-0C8050B09877}"
EndProject
Project("{FAE04EC0-301F-11D3-BF4B-00C04F79EFBC}") = "Unbiased.Dashboard.Infrastructure", "Unbiased.Dashboard.Infrastructure\Unbiased.Dashboard.Infrastructure.csproj", "{6C7778D3-0FD3-48CA-B5CE-748E107DEB3A}"
EndProject
Project("{FAE04EC0-301F-11D3-BF4B-00C04F79EFBC}") = "Unbiased.Dashboard.Api", "Unbiased.Dashboard.Api\Unbiased.Dashboard.Api.csproj", "{A980C38A-844C-4B52-AA02-B73428C0399D}"
EndProject
Project("{2150E333-8FDC-42A3-9474-1A3956D46DE8}") = "Unbiased.Identity.Api", "Unbiased.Identity.Api", "{33AAD0D4-3F85-44A5-833B-55F21A07D140}"
EndProject
Project("{FAE04EC0-301F-11D3-BF4B-00C04F79EFBC}") = "Unbiased.Identity.Application", "Unbiased.Identity.Application\Unbiased.Identity.Application.csproj", "{140D04D9-6BDE-4614-9F3B-2EF7D7947CE1}"
EndProject
Project("{FAE04EC0-301F-11D3-BF4B-00C04F79EFBC}") = "Unbiased.Identity.Common", "Unbiased.Identity.Common\Unbiased.Identity.Common.csproj", "{84FEB853-2DE2-427F-8B10-2FE9A0D023B0}"
EndProject
Project("{FAE04EC0-301F-11D3-BF4B-00C04F79EFBC}") = "Unbiased.Identity.Domain", "Unbiased.Identity.Domain\Unbiased.Identity.Domain.csproj", "{3D3F2387-D642-4446-83B2-CD1BE98741D0}"
EndProject
Project("{FAE04EC0-301F-11D3-BF4B-00C04F79EFBC}") = "Unbiased.Identity.Infrastructure", "Unbiased.Identity.Infrastructure\Unbiased.Identity.Infrastructure.csproj", "{511248EF-4BB1-47C1-B485-894FB61A5B1F}"
EndProject
Project("{FAE04EC0-301F-11D3-BF4B-00C04F79EFBC}") = "Unbiased.Identity.Api", "Unbiased.Identity.Api\Unbiased.Identity.Api.csproj", "{C7826863-00DB-44A6-9D75-D2A450FC11B1}"
EndProject
Project("{FAE04EC0-301F-11D3-BF4B-00C04F79EFBC}") = "Unbiased.Shared.Extensions", "Unbiased.Shared.Extensions\Unbiased.Shared.Extensions.csproj", "{9355191D-FF2F-4589-A1C1-C13F3B06D47D}"
EndProject
Project("{2150E333-8FDC-42A3-9474-1A3956D46DE8}") = "Solution Items", "Solution Items", "{8EDE8A3E-58FB-42BF-AA9D-92ABFDB4F95C}"
	ProjectSection(SolutionItems) = preProject
		docker-compose.yml = docker-compose.yml
	EndProjectSection
EndProject
Project("{FAE04EC0-301F-11D3-BF4B-00C04F79EFBC}") = "Unbiased.Dashboard.Domain", "Unbiased.Dashboard.Domain\Unbiased.Dashboard.Domain.csproj", "{A17EBC87-A9AD-45B1-8FE8-05A6CBECD74E}"
EndProject
Project("{FAE04EC0-301F-11D3-BF4B-00C04F79EFBC}") = "Unbiased.Dashboard.Application", "Unbiased.Dashboard.Application\Unbiased.Dashboard.Application.csproj", "{F17F0569-4505-446A-A15B-FD11AA3C1FD5}"
EndProject
Project("{FAE04EC0-301F-11D3-BF4B-00C04F79EFBC}") = "Unbiased.Dashboard.Common", "Unbiased.Dashboard.Common\Unbiased.Dashboard.Common.csproj", "{E655F1AD-4B55-4E4A-A044-F8966837B6CE}"
EndProject
Project("{FAE04EC0-301F-11D3-BF4B-00C04F79EFBC}") = "Unbiased.ApiGateway", "Unbiased.ApiGateway\Unbiased.ApiGateway.csproj", "{5B4781A6-1777-4DC8-92E8-F5CDBA5429B4}"
EndProject
Global
	GlobalSection(SolutionConfigurationPlatforms) = preSolution
		Debug|Any CPU = Debug|Any CPU
		Release|Any CPU = Release|Any CPU
	EndGlobalSection
	GlobalSection(ProjectConfigurationPlatforms) = postSolution
		{C9B732A3-489F-4179-8C1F-7095AC2CD216}.Debug|Any CPU.ActiveCfg = Debug|Any CPU
		{C9B732A3-489F-4179-8C1F-7095AC2CD216}.Debug|Any CPU.Build.0 = Debug|Any CPU
		{C9B732A3-489F-4179-8C1F-7095AC2CD216}.Release|Any CPU.ActiveCfg = Release|Any CPU
		{C9B732A3-489F-4179-8C1F-7095AC2CD216}.Release|Any CPU.Build.0 = Release|Any CPU
		{DC94B169-F3B1-413E-965C-5C8EFAEBDB33}.Debug|Any CPU.ActiveCfg = Debug|Any CPU
		{DC94B169-F3B1-413E-965C-5C8EFAEBDB33}.Debug|Any CPU.Build.0 = Debug|Any CPU
		{DC94B169-F3B1-413E-965C-5C8EFAEBDB33}.Release|Any CPU.ActiveCfg = Release|Any CPU
		{DC94B169-F3B1-413E-965C-5C8EFAEBDB33}.Release|Any CPU.Build.0 = Release|Any CPU
		{29C38317-DF9D-481F-8D1D-DF2AEA508EAE}.Debug|Any CPU.ActiveCfg = Debug|Any CPU
		{29C38317-DF9D-481F-8D1D-DF2AEA508EAE}.Debug|Any CPU.Build.0 = Debug|Any CPU
		{29C38317-DF9D-481F-8D1D-DF2AEA508EAE}.Release|Any CPU.ActiveCfg = Release|Any CPU
		{29C38317-DF9D-481F-8D1D-DF2AEA508EAE}.Release|Any CPU.Build.0 = Release|Any CPU
		{E64B3F6E-2931-4C66-900E-6488252FCD56}.Debug|Any CPU.ActiveCfg = Debug|Any CPU
		{E64B3F6E-2931-4C66-900E-6488252FCD56}.Debug|Any CPU.Build.0 = Debug|Any CPU
		{E64B3F6E-2931-4C66-900E-6488252FCD56}.Release|Any CPU.ActiveCfg = Release|Any CPU
		{E64B3F6E-2931-4C66-900E-6488252FCD56}.Release|Any CPU.Build.0 = Release|Any CPU
		{8374EAD4-6BE5-41E4-9441-5BC8A0A14F31}.Debug|Any CPU.ActiveCfg = Debug|Any CPU
		{8374EAD4-6BE5-41E4-9441-5BC8A0A14F31}.Debug|Any CPU.Build.0 = Debug|Any CPU
		{8374EAD4-6BE5-41E4-9441-5BC8A0A14F31}.Release|Any CPU.ActiveCfg = Release|Any CPU
		{8374EAD4-6BE5-41E4-9441-5BC8A0A14F31}.Release|Any CPU.Build.0 = Release|Any CPU
		{899FA18C-68F4-491A-8FF3-82FD9F4135FF}.Debug|Any CPU.ActiveCfg = Debug|Any CPU
		{899FA18C-68F4-491A-8FF3-82FD9F4135FF}.Debug|Any CPU.Build.0 = Debug|Any CPU
		{899FA18C-68F4-491A-8FF3-82FD9F4135FF}.Release|Any CPU.ActiveCfg = Release|Any CPU
		{899FA18C-68F4-491A-8FF3-82FD9F4135FF}.Release|Any CPU.Build.0 = Release|Any CPU
		{E72459AE-8ED0-4206-ADBD-98B89C967185}.Debug|Any CPU.ActiveCfg = Debug|Any CPU
		{E72459AE-8ED0-4206-ADBD-98B89C967185}.Debug|Any CPU.Build.0 = Debug|Any CPU
		{E72459AE-8ED0-4206-ADBD-98B89C967185}.Release|Any CPU.ActiveCfg = Release|Any CPU
		{E72459AE-8ED0-4206-ADBD-98B89C967185}.Release|Any CPU.Build.0 = Release|Any CPU
		{010022F4-BC20-4669-8C79-4418478EFA20}.Debug|Any CPU.ActiveCfg = Debug|Any CPU
		{010022F4-BC20-4669-8C79-4418478EFA20}.Debug|Any CPU.Build.0 = Debug|Any CPU
		{010022F4-BC20-4669-8C79-4418478EFA20}.Release|Any CPU.ActiveCfg = Release|Any CPU
		{010022F4-BC20-4669-8C79-4418478EFA20}.Release|Any CPU.Build.0 = Release|Any CPU
		{E1077CCD-44A2-4752-916A-0A537939F5DF}.Debug|Any CPU.ActiveCfg = Debug|Any CPU
		{E1077CCD-44A2-4752-916A-0A537939F5DF}.Debug|Any CPU.Build.0 = Debug|Any CPU
		{E1077CCD-44A2-4752-916A-0A537939F5DF}.Release|Any CPU.ActiveCfg = Release|Any CPU
		{E1077CCD-44A2-4752-916A-0A537939F5DF}.Release|Any CPU.Build.0 = Release|Any CPU
		{EA29E8B6-1732-42F3-B335-4D124914719C}.Debug|Any CPU.ActiveCfg = Debug|Any CPU
		{EA29E8B6-1732-42F3-B335-4D124914719C}.Debug|Any CPU.Build.0 = Debug|Any CPU
		{EA29E8B6-1732-42F3-B335-4D124914719C}.Release|Any CPU.ActiveCfg = Release|Any CPU
		{EA29E8B6-1732-42F3-B335-4D124914719C}.Release|Any CPU.Build.0 = Release|Any CPU
		{FBF00E32-77A8-45F3-8441-63D925FB5FB1}.Debug|Any CPU.ActiveCfg = Debug|Any CPU
		{FBF00E32-77A8-45F3-8441-63D925FB5FB1}.Debug|Any CPU.Build.0 = Debug|Any CPU
		{FBF00E32-77A8-45F3-8441-63D925FB5FB1}.Release|Any CPU.ActiveCfg = Release|Any CPU
		{FBF00E32-77A8-45F3-8441-63D925FB5FB1}.Release|Any CPU.Build.0 = Release|Any CPU
		{2991DC59-9B04-473A-BE23-3644DCAEC048}.Debug|Any CPU.ActiveCfg = Debug|Any CPU
		{2991DC59-9B04-473A-BE23-3644DCAEC048}.Debug|Any CPU.Build.0 = Debug|Any CPU
		{2991DC59-9B04-473A-BE23-3644DCAEC048}.Release|Any CPU.ActiveCfg = Release|Any CPU
		{2991DC59-9B04-473A-BE23-3644DCAEC048}.Release|Any CPU.Build.0 = Release|Any CPU
		{ABE05C52-DD09-415B-8EB4-B43685243B74}.Debug|Any CPU.ActiveCfg = Debug|Any CPU
		{ABE05C52-DD09-415B-8EB4-B43685243B74}.Debug|Any CPU.Build.0 = Debug|Any CPU
		{ABE05C52-DD09-415B-8EB4-B43685243B74}.Release|Any CPU.ActiveCfg = Release|Any CPU
		{ABE05C52-DD09-415B-8EB4-B43685243B74}.Release|Any CPU.Build.0 = Release|Any CPU
		{6CE56AD9-5D60-431E-97EE-BCD67E964128}.Debug|Any CPU.ActiveCfg = Debug|Any CPU
		{6CE56AD9-5D60-431E-97EE-BCD67E964128}.Debug|Any CPU.Build.0 = Debug|Any CPU
		{6CE56AD9-5D60-431E-97EE-BCD67E964128}.Release|Any CPU.ActiveCfg = Release|Any CPU
		{6CE56AD9-5D60-431E-97EE-BCD67E964128}.Release|Any CPU.Build.0 = Release|Any CPU
		{4E18EB99-3CD3-4C02-AE9D-253CA4016997}.Debug|Any CPU.ActiveCfg = Debug|Any CPU
		{4E18EB99-3CD3-4C02-AE9D-253CA4016997}.Debug|Any CPU.Build.0 = Debug|Any CPU
		{4E18EB99-3CD3-4C02-AE9D-253CA4016997}.Release|Any CPU.ActiveCfg = Release|Any CPU
		{4E18EB99-3CD3-4C02-AE9D-253CA4016997}.Release|Any CPU.Build.0 = Release|Any CPU
		{5A58902F-5E21-455D-9798-4518A9AA7988}.Debug|Any CPU.ActiveCfg = Debug|Any CPU
		{5A58902F-5E21-455D-9798-4518A9AA7988}.Debug|Any CPU.Build.0 = Debug|Any CPU
		{5A58902F-5E21-455D-9798-4518A9AA7988}.Release|Any CPU.ActiveCfg = Release|Any CPU
		{5A58902F-5E21-455D-9798-4518A9AA7988}.Release|Any CPU.Build.0 = Release|Any CPU
		{7DF2C1A0-EE48-4373-83B4-2349E588579B}.Debug|Any CPU.ActiveCfg = Debug|Any CPU
		{7DF2C1A0-EE48-4373-83B4-2349E588579B}.Debug|Any CPU.Build.0 = Debug|Any CPU
		{7DF2C1A0-EE48-4373-83B4-2349E588579B}.Release|Any CPU.ActiveCfg = Release|Any CPU
		{7DF2C1A0-EE48-4373-83B4-2349E588579B}.Release|Any CPU.Build.0 = Release|Any CPU
		{240F138C-DF34-4181-ADF8-71890C2F3E7A}.Debug|Any CPU.ActiveCfg = Debug|Any CPU
		{240F138C-DF34-4181-ADF8-71890C2F3E7A}.Debug|Any CPU.Build.0 = Debug|Any CPU
		{240F138C-DF34-4181-ADF8-71890C2F3E7A}.Release|Any CPU.ActiveCfg = Release|Any CPU
		{240F138C-DF34-4181-ADF8-71890C2F3E7A}.Release|Any CPU.Build.0 = Release|Any CPU
		{E5FF2DF8-2A03-48FD-A596-8430EB2CBDB4}.Debug|Any CPU.ActiveCfg = Debug|Any CPU
		{E5FF2DF8-2A03-48FD-A596-8430EB2CBDB4}.Debug|Any CPU.Build.0 = Debug|Any CPU
		{E5FF2DF8-2A03-48FD-A596-8430EB2CBDB4}.Release|Any CPU.ActiveCfg = Release|Any CPU
		{E5FF2DF8-2A03-48FD-A596-8430EB2CBDB4}.Release|Any CPU.Build.0 = Release|Any CPU
		{22B8C3F7-D0F7-42E8-973A-480C7A8F2A11}.Debug|Any CPU.ActiveCfg = Debug|Any CPU
		{22B8C3F7-D0F7-42E8-973A-480C7A8F2A11}.Debug|Any CPU.Build.0 = Debug|Any CPU
		{22B8C3F7-D0F7-42E8-973A-480C7A8F2A11}.Release|Any CPU.ActiveCfg = Release|Any CPU
		{22B8C3F7-D0F7-42E8-973A-480C7A8F2A11}.Release|Any CPU.Build.0 = Release|Any CPU
		{6C7778D3-0FD3-48CA-B5CE-748E107DEB3A}.Debug|Any CPU.ActiveCfg = Debug|Any CPU
		{6C7778D3-0FD3-48CA-B5CE-748E107DEB3A}.Debug|Any CPU.Build.0 = Debug|Any CPU
		{6C7778D3-0FD3-48CA-B5CE-748E107DEB3A}.Release|Any CPU.ActiveCfg = Release|Any CPU
		{6C7778D3-0FD3-48CA-B5CE-748E107DEB3A}.Release|Any CPU.Build.0 = Release|Any CPU
		{A980C38A-844C-4B52-AA02-B73428C0399D}.Debug|Any CPU.ActiveCfg = Debug|Any CPU
		{A980C38A-844C-4B52-AA02-B73428C0399D}.Debug|Any CPU.Build.0 = Debug|Any CPU
		{A980C38A-844C-4B52-AA02-B73428C0399D}.Release|Any CPU.ActiveCfg = Release|Any CPU
		{A980C38A-844C-4B52-AA02-B73428C0399D}.Release|Any CPU.Build.0 = Release|Any CPU
		{140D04D9-6BDE-4614-9F3B-2EF7D7947CE1}.Debug|Any CPU.ActiveCfg = Debug|Any CPU
		{140D04D9-6BDE-4614-9F3B-2EF7D7947CE1}.Debug|Any CPU.Build.0 = Debug|Any CPU
		{140D04D9-6BDE-4614-9F3B-2EF7D7947CE1}.Release|Any CPU.ActiveCfg = Release|Any CPU
		{140D04D9-6BDE-4614-9F3B-2EF7D7947CE1}.Release|Any CPU.Build.0 = Release|Any CPU
		{84FEB853-2DE2-427F-8B10-2FE9A0D023B0}.Debug|Any CPU.ActiveCfg = Debug|Any CPU
		{84FEB853-2DE2-427F-8B10-2FE9A0D023B0}.Debug|Any CPU.Build.0 = Debug|Any CPU
		{84FEB853-2DE2-427F-8B10-2FE9A0D023B0}.Release|Any CPU.ActiveCfg = Release|Any CPU
		{84FEB853-2DE2-427F-8B10-2FE9A0D023B0}.Release|Any CPU.Build.0 = Release|Any CPU
		{3D3F2387-D642-4446-83B2-CD1BE98741D0}.Debug|Any CPU.ActiveCfg = Debug|Any CPU
		{3D3F2387-D642-4446-83B2-CD1BE98741D0}.Debug|Any CPU.Build.0 = Debug|Any CPU
		{3D3F2387-D642-4446-83B2-CD1BE98741D0}.Release|Any CPU.ActiveCfg = Release|Any CPU
		{3D3F2387-D642-4446-83B2-CD1BE98741D0}.Release|Any CPU.Build.0 = Release|Any CPU
		{511248EF-4BB1-47C1-B485-894FB61A5B1F}.Debug|Any CPU.ActiveCfg = Debug|Any CPU
		{511248EF-4BB1-47C1-B485-894FB61A5B1F}.Debug|Any CPU.Build.0 = Debug|Any CPU
		{511248EF-4BB1-47C1-B485-894FB61A5B1F}.Release|Any CPU.ActiveCfg = Release|Any CPU
		{511248EF-4BB1-47C1-B485-894FB61A5B1F}.Release|Any CPU.Build.0 = Release|Any CPU
		{C7826863-00DB-44A6-9D75-D2A450FC11B1}.Debug|Any CPU.ActiveCfg = Debug|Any CPU
		{C7826863-00DB-44A6-9D75-D2A450FC11B1}.Debug|Any CPU.Build.0 = Debug|Any CPU
		{C7826863-00DB-44A6-9D75-D2A450FC11B1}.Release|Any CPU.ActiveCfg = Release|Any CPU
		{C7826863-00DB-44A6-9D75-D2A450FC11B1}.Release|Any CPU.Build.0 = Release|Any CPU
		{9355191D-FF2F-4589-A1C1-C13F3B06D47D}.Debug|Any CPU.ActiveCfg = Debug|Any CPU
		{9355191D-FF2F-4589-A1C1-C13F3B06D47D}.Debug|Any CPU.Build.0 = Debug|Any CPU
		{9355191D-FF2F-4589-A1C1-C13F3B06D47D}.Release|Any CPU.ActiveCfg = Release|Any CPU
		{9355191D-FF2F-4589-A1C1-C13F3B06D47D}.Release|Any CPU.Build.0 = Release|Any CPU
		{A17EBC87-A9AD-45B1-8FE8-05A6CBECD74E}.Debug|Any CPU.ActiveCfg = Debug|Any CPU
		{A17EBC87-A9AD-45B1-8FE8-05A6CBECD74E}.Debug|Any CPU.Build.0 = Debug|Any CPU
		{A17EBC87-A9AD-45B1-8FE8-05A6CBECD74E}.Release|Any CPU.ActiveCfg = Release|Any CPU
		{A17EBC87-A9AD-45B1-8FE8-05A6CBECD74E}.Release|Any CPU.Build.0 = Release|Any CPU
		{F17F0569-4505-446A-A15B-FD11AA3C1FD5}.Debug|Any CPU.ActiveCfg = Debug|Any CPU
		{F17F0569-4505-446A-A15B-FD11AA3C1FD5}.Debug|Any CPU.Build.0 = Debug|Any CPU
		{F17F0569-4505-446A-A15B-FD11AA3C1FD5}.Release|Any CPU.ActiveCfg = Release|Any CPU
		{F17F0569-4505-446A-A15B-FD11AA3C1FD5}.Release|Any CPU.Build.0 = Release|Any CPU
		{E655F1AD-4B55-4E4A-A044-F8966837B6CE}.Debug|Any CPU.ActiveCfg = Debug|Any CPU
		{E655F1AD-4B55-4E4A-A044-F8966837B6CE}.Debug|Any CPU.Build.0 = Debug|Any CPU
		{E655F1AD-4B55-4E4A-A044-F8966837B6CE}.Release|Any CPU.ActiveCfg = Release|Any CPU
		{E655F1AD-4B55-4E4A-A044-F8966837B6CE}.Release|Any CPU.Build.0 = Release|Any CPU
		{5B4781A6-1777-4DC8-92E8-F5CDBA5429B4}.Debug|Any CPU.ActiveCfg = Debug|Any CPU
		{5B4781A6-1777-4DC8-92E8-F5CDBA5429B4}.Debug|Any CPU.Build.0 = Debug|Any CPU
		{5B4781A6-1777-4DC8-92E8-F5CDBA5429B4}.Release|Any CPU.ActiveCfg = Release|Any CPU
		{5B4781A6-1777-4DC8-92E8-F5CDBA5429B4}.Release|Any CPU.Build.0 = Release|Any CPU
	EndGlobalSection
	GlobalSection(SolutionProperties) = preSolution
		HideSolutionNode = FALSE
	EndGlobalSection
	GlobalSection(NestedProjects) = preSolution
		{07CB2466-88C5-4582-8A2B-2484C69FACE5} = {A5597CF8-04A8-4E99-B414-0063C43291BC}
		{9C9913CA-5DDC-4ECA-9CF4-8748E092D87D} = {A5597CF8-04A8-4E99-B414-0063C43291BC}
		{C9B732A3-489F-4179-8C1F-7095AC2CD216} = {07CB2466-88C5-4582-8A2B-2484C69FACE5}
		{DC94B169-F3B1-413E-965C-5C8EFAEBDB33} = {07CB2466-88C5-4582-8A2B-2484C69FACE5}
		{29C38317-DF9D-481F-8D1D-DF2AEA508EAE} = {07CB2466-88C5-4582-8A2B-2484C69FACE5}
		{E64B3F6E-2931-4C66-900E-6488252FCD56} = {07CB2466-88C5-4582-8A2B-2484C69FACE5}
		{8374EAD4-6BE5-41E4-9441-5BC8A0A14F31} = {07CB2466-88C5-4582-8A2B-2484C69FACE5}
		{899FA18C-68F4-491A-8FF3-82FD9F4135FF} = {9C9913CA-5DDC-4ECA-9CF4-8748E092D87D}
		{E72459AE-8ED0-4206-ADBD-98B89C967185} = {9C9913CA-5DDC-4ECA-9CF4-8748E092D87D}
		{010022F4-BC20-4669-8C79-4418478EFA20} = {9C9913CA-5DDC-4ECA-9CF4-8748E092D87D}
		{E1077CCD-44A2-4752-916A-0A537939F5DF} = {9C9913CA-5DDC-4ECA-9CF4-8748E092D87D}
		{EA29E8B6-1732-42F3-B335-4D124914719C} = {9C9913CA-5DDC-4ECA-9CF4-8748E092D87D}
		{FBF00E32-77A8-45F3-8441-63D925FB5FB1} = {A3E92A30-6E2F-4A9B-865B-1C380D3BE085}
		{AA888D93-6797-4562-876B-922BE6285BC8} = {A5597CF8-04A8-4E99-B414-0063C43291BC}
		{2991DC59-9B04-473A-BE23-3644DCAEC048} = {AA888D93-6797-4562-876B-922BE6285BC8}
		{ABE05C52-DD09-415B-8EB4-B43685243B74} = {AA888D93-6797-4562-876B-922BE6285BC8}
		{6CE56AD9-5D60-431E-97EE-BCD67E964128} = {AA888D93-6797-4562-876B-922BE6285BC8}
		{4E18EB99-3CD3-4C02-AE9D-253CA4016997} = {AA888D93-6797-4562-876B-922BE6285BC8}
		{5A58902F-5E21-455D-9798-4518A9AA7988} = {AA888D93-6797-4562-876B-922BE6285BC8}
		{7DF2C1A0-EE48-4373-83B4-2349E588579B} = {E3EE82BF-D160-4CE5-BC01-D4A4FFFAA0B2}
		{240F138C-DF34-4181-ADF8-71890C2F3E7A} = {E3EE82BF-D160-4CE5-BC01-D4A4FFFAA0B2}
		{E5FF2DF8-2A03-48FD-A596-8430EB2CBDB4} = {E3EE82BF-D160-4CE5-BC01-D4A4FFFAA0B2}
		{22B8C3F7-D0F7-42E8-973A-480C7A8F2A11} = {E3EE82BF-D160-4CE5-BC01-D4A4FFFAA0B2}
		{AA6C9ECC-6E17-4B7E-84CD-0C8050B09877} = {A5597CF8-04A8-4E99-B414-0063C43291BC}
		{6C7778D3-0FD3-48CA-B5CE-748E107DEB3A} = {AA6C9ECC-6E17-4B7E-84CD-0C8050B09877}
		{A980C38A-844C-4B52-AA02-B73428C0399D} = {AA6C9ECC-6E17-4B7E-84CD-0C8050B09877}
		{33AAD0D4-3F85-44A5-833B-55F21A07D140} = {A5597CF8-04A8-4E99-B414-0063C43291BC}
		{140D04D9-6BDE-4614-9F3B-2EF7D7947CE1} = {33AAD0D4-3F85-44A5-833B-55F21A07D140}
		{84FEB853-2DE2-427F-8B10-2FE9A0D023B0} = {33AAD0D4-3F85-44A5-833B-55F21A07D140}
		{3D3F2387-D642-4446-83B2-CD1BE98741D0} = {33AAD0D4-3F85-44A5-833B-55F21A07D140}
		{511248EF-4BB1-47C1-B485-894FB61A5B1F} = {33AAD0D4-3F85-44A5-833B-55F21A07D140}
		{C7826863-00DB-44A6-9D75-D2A450FC11B1} = {33AAD0D4-3F85-44A5-833B-55F21A07D140}
		{9355191D-FF2F-4589-A1C1-C13F3B06D47D} = {A3E92A30-6E2F-4A9B-865B-1C380D3BE085}
		{A17EBC87-A9AD-45B1-8FE8-05A6CBECD74E} = {AA6C9ECC-6E17-4B7E-84CD-0C8050B09877}
		{F17F0569-4505-446A-A15B-FD11AA3C1FD5} = {AA6C9ECC-6E17-4B7E-84CD-0C8050B09877}
		{E655F1AD-4B55-4E4A-A044-F8966837B6CE} = {AA6C9ECC-6E17-4B7E-84CD-0C8050B09877}
		{5B4781A6-1777-4DC8-92E8-F5CDBA5429B4} = {E3EE82BF-D160-4CE5-BC01-D4A4FFFAA0B2}
	EndGlobalSection
	GlobalSection(ExtensibilityGlobals) = postSolution
		SolutionGuid = {5B972362-6F8D-4D4B-A1E2-9DE3578189BF}
	EndGlobalSection
EndGlobal
